
Microsoft Visual Studio Solution File, Format Version 12.00
# Visual Studio Version 17
VisualStudioVersion = 17.4.33213.308
MinimumVisualStudioVersion = 10.0.40219.1
Project("{FAE04EC0-301F-11D3-BF4B-00C04F79EFBC}") = "News.api", "News.api\News.api.csproj", "{CEDAC7B9-B30B-455E-9EC5-2EF9DA544835}"
EndProject
Global
	GlobalSection(SolutionConfigurationPlatforms) = preSolution
		Debug|Any CPU = Debug|Any CPU
		Release|Any CPU = Release|Any CPU
	EndGlobalSection
	GlobalSection(ProjectConfigurationPlatforms) = postSolution
		{CEDAC7B9-B30B-455E-9EC5-2EF9DA544835}.Debug|Any CPU.ActiveCfg = Debug|Any CPU
		{CEDAC7B9-B30B-455E-9EC5-2EF9DA544835}.Debug|Any CPU.Build.0 = Debug|Any CPU
		{CEDAC7B9-B30B-455E-9EC5-2EF9DA544835}.Release|Any CPU.ActiveCfg = Release|Any CPU
		{CEDAC7B9-B30B-455E-9EC5-2EF9DA544835}.Release|Any CPU.Build.0 = Release|Any CPU
	EndGlobalSection
	GlobalSection(SolutionProperties) = preSolution
		HideSolutionNode = FALSE
	EndGlobalSection
	GlobalSection(ExtensibilityGlobals) = postSolution
		SolutionGuid = {8F00CFD1-2D95-4284-8E66-6F4933DF07E2}
	EndGlobalSection
EndGlobal
